{
  "name": "chocolatey-action",
  "requires": true,
  "lockfileVersion": 1,
  "dependencies": {
    "@actions/core": {
      "version": "1.2.1",
      "resolved": "https://registry.npmjs.org/@actions/core/-/core-1.2.1.tgz",
      "integrity": "sha512-xD+CQd9p4lU7ZfRqmUcbJpqR+Ss51rJRVeXMyOLrZQImN9/8Sy/BEUBnHO/UKD3z03R686PVTLfEPmkropGuLw=="
    },
    "@actions/exec": {
      "version": "1.0.3",
      "resolved": "https://registry.npmjs.org/@actions/exec/-/exec-1.0.3.tgz",
      "integrity": "sha512-TogJGnueOmM7ntCi0ASTUj4LapRRtDfj57Ja4IhPmg2fls28uVOPbAn8N+JifaOumN2UG3oEO/Ixek2A4NcYSA==",
      "requires": {
        "@actions/io": "^1.0.1"
      }
    },
    "@actions/io": {
      "version": "1.0.2",
      "resolved": "https://registry.npmjs.org/@actions/io/-/io-1.0.2.tgz",
      "integrity": "sha512-J8KuFqVPr3p6U8W93DOXlXW6zFvrQAJANdS+vw0YhusLIq+bszW8zmK2Fh1C2kDPX8FMvwIl1OUcFgvJoXLbAg=="
    },
    "@types/node": {
      "version": "13.1.7",
      "resolved": "https://registry.npmjs.org/@types/node/-/node-13.1.7.tgz",
      "integrity": "sha512-HU0q9GXazqiKwviVxg9SI/+t/nAsGkvLDkIdxz+ObejG2nX6Si00TeLqHMoS+a/1tjH7a8YpKVQwtgHuMQsldg==",
      "dev": true
    },
    "prettier": {
      "version": "1.19.1",
      "resolved": "https://registry.npmjs.org/prettier/-/prettier-1.19.1.tgz",
      "integrity": "sha512-s7PoyDv/II1ObgQunCbB9PdLmUcBZcnWOcxDh7O0N/UwDEsHyqkW+Qh28jW+mVuCdx7gLB0BotYI1Y6uI9iyew==",
      "dev": true
    },
    "typescript": {
      "version": "3.7.5",
      "resolved": "https://registry.npmjs.org/typescript/-/typescript-3.7.5.tgz",
      "integrity": "sha512-/P5lkRXkWHNAbcJIiHPfRoKqyd7bsyCma1hZNUGfn20qm64T6ZBlrzprymeu918H+mB/0rIg2gGK/BXkhhYgBw==",
      "dev": true
    }
  }
}
