{
  "name": "chocolatey-action",
  "requires": true,
  "lockfileVersion": 1,
  "dependencies": {
    "@actions/core": {
      "version": "1.2.0",
      "resolved": "https://registry.npmjs.org/@actions/core/-/core-1.2.0.tgz",
      "integrity": "sha512-ZKdyhlSlyz38S6YFfPnyNgCDZuAF2T0Qv5eHflNWytPS8Qjvz39bZFMry9Bb/dpSnqWcNeav5yM2CTYpJeY+Dw=="
    },
    "@actions/exec": {
      "version": "1.0.1",
      "resolved": "https://registry.npmjs.org/@actions/exec/-/exec-1.0.1.tgz",
      "integrity": "sha512-nvFkxwiicvpzNiCBF4wFBDfnBvi7xp/as7LE1hBxBxKG2L29+gkIPBiLKMVORL+Hg3JNf07AKRfl0V5djoypjQ=="
    },
    "@types/node": {
      "version": "12.12.14",
      "resolved": "https://registry.npmjs.org/@types/node/-/node-12.12.14.tgz",
      "integrity": "sha512-u/SJDyXwuihpwjXy7hOOghagLEV1KdAST6syfnOk6QZAMzZuWZqXy5aYYZbh8Jdpd4escVFP0MvftHNDb9pruA==",
      "dev": true
    },
    "prettier": {
      "version": "1.19.1",
      "resolved": "https://registry.npmjs.org/prettier/-/prettier-1.19.1.tgz",
      "integrity": "sha512-s7PoyDv/II1ObgQunCbB9PdLmUcBZcnWOcxDh7O0N/UwDEsHyqkW+Qh28jW+mVuCdx7gLB0BotYI1Y6uI9iyew==",
      "dev": true
    },
    "typescript": {
      "version": "3.7.2",
      "resolved": "https://registry.npmjs.org/typescript/-/typescript-3.7.2.tgz",
      "integrity": "sha512-ml7V7JfiN2Xwvcer+XAf2csGO1bPBdRbFCkYBczNZggrBZ9c7G3riSUeJmqEU5uOtXNPMhE3n+R4FA/3YOAWOQ==",
      "dev": true
    }
  }
}
