"@actions/core@^1.3.0":
  version "1.3.0"
  resolved "https://registry.yarnpkg.com/@actions/core/-/core-1.3.0.tgz#f5e4b24c889e7f2e58b466cc8c7481292284eba0"

"@actions/exec@^1.0.4":
  version "1.0.4"
  resolved "https://registry.yarnpkg.com/@actions/exec/-/exec-1.0.4.tgz#99d75310e62e59fc37d2ee6dcff6d4bffadd3a5d"
  dependencies:
    "@actions/io" "^1.0.1"

"@actions/io@^1.0.1":
  version "1.1.0"
  resolved "https://registry.yarnpkg.com/@actions/io/-/io-1.1.0.tgz#02c98b5ed93c3331981c9a075494066400eadb7a"

"@types/node@^15.3.0":
  version "15.6.0"
  resolved "https://registry.yarnpkg.com/@types/node/-/node-15.6.0.tgz#f0ddca5a61e52627c9dcb771a6039d44694597bc"

"@vercel/ncc@^0.28.5":
  version "0.28.5"
  resolved "https://registry.yarnpkg.com/@vercel/ncc/-/ncc-0.28.5.tgz#6d735379f81b70b708a9c3d2196507b2a841824f"

prettier@^2.3.0:
  version "2.3.0"
  resolved "https://registry.yarnpkg.com/prettier/-/prettier-2.3.0.tgz#b6a5bf1284026ae640f17f7ff5658a7567fc0d18"

typescript@^4.2.4:
  version "4.2.4"
  resolved "https://registry.yarnpkg.com/typescript/-/typescript-4.2.4.tgz#8610b59747de028fda898a8aef0e103f156d0961"
